
Microsoft Visual Studio Solution File, Format Version 12.00
# Visual Studio Version 17
VisualStudioVersion = 17.14.36301.6
MinimumVisualStudioVersion = 10.0.40219.1
Project("{FAE04EC0-301F-11D3-BF4B-00C04F79EFBC}") = "BlazorLeaningSolution", "BlazorLeaningSolution\BlazorLeaningSolution.csproj", "{A72CB521-C0D9-4AA8-B7E0-30AE0D0DB43A}"
	ProjectSection(ProjectDependencies) = postProject
		{2D614703-9B75-4DD6-98F8-73DE6E11F8D0} = {2D614703-9B75-4DD6-98F8-73DE6E11F8D0}
	EndProjectSection
EndProject
Project("{FAE04EC0-301F-11D3-BF4B-00C04F79EFBC}") = "BlazingTrails.Api", "BlazingTrails.Api\BlazingTrails.Api.csproj", "{128EE849-1335-42D8-A1D9-596CBA32C619}"
	ProjectSection(ProjectDependencies) = postProject
		{2D614703-9B75-4DD6-98F8-73DE6E11F8D0} = {2D614703-9B75-4DD6-98F8-73DE6E11F8D0}
		{A72CB521-C0D9-4AA8-B7E0-30AE0D0DB43A} = {A72CB521-C0D9-4AA8-B7E0-30AE0D0DB43A}
	EndProjectSection
EndProject
Project("{FAE04EC0-301F-11D3-BF4B-00C04F79EFBC}") = "BlazingTrails.Shared", "BlazingTrails.Shared\BlazingTrails.Shared.csproj", "{2D614703-9B75-4DD6-98F8-73DE6E11F8D0}"
EndProject
Global
	GlobalSection(SolutionConfigurationPlatforms) = preSolution
		Debug|Any CPU = Debug|Any CPU
		Release|Any CPU = Release|Any CPU
	EndGlobalSection
	GlobalSection(ProjectConfigurationPlatforms) = postSolution
		{A72CB521-C0D9-4AA8-B7E0-30AE0D0DB43A}.Debug|Any CPU.ActiveCfg = Debug|Any CPU
		{A72CB521-C0D9-4AA8-B7E0-30AE0D0DB43A}.Debug|Any CPU.Build.0 = Debug|Any CPU
		{A72CB521-C0D9-4AA8-B7E0-30AE0D0DB43A}.Release|Any CPU.ActiveCfg = Release|Any CPU
		{A72CB521-C0D9-4AA8-B7E0-30AE0D0DB43A}.Release|Any CPU.Build.0 = Release|Any CPU
		{128EE849-1335-42D8-A1D9-596CBA32C619}.Debug|Any CPU.ActiveCfg = Debug|Any CPU
		{128EE849-1335-42D8-A1D9-596CBA32C619}.Debug|Any CPU.Build.0 = Debug|Any CPU
		{128EE849-1335-42D8-A1D9-596CBA32C619}.Release|Any CPU.ActiveCfg = Release|Any CPU
		{128EE849-1335-42D8-A1D9-596CBA32C619}.Release|Any CPU.Build.0 = Release|Any CPU
		{2D614703-9B75-4DD6-98F8-73DE6E11F8D0}.Debug|Any CPU.ActiveCfg = Debug|Any CPU
		{2D614703-9B75-4DD6-98F8-73DE6E11F8D0}.Debug|Any CPU.Build.0 = Debug|Any CPU
		{2D614703-9B75-4DD6-98F8-73DE6E11F8D0}.Release|Any CPU.ActiveCfg = Release|Any CPU
		{2D614703-9B75-4DD6-98F8-73DE6E11F8D0}.Release|Any CPU.Build.0 = Release|Any CPU
	EndGlobalSection
	GlobalSection(SolutionProperties) = preSolution
		HideSolutionNode = FALSE
	EndGlobalSection
	GlobalSection(ExtensibilityGlobals) = postSolution
		SolutionGuid = {0DC5D0CC-4776-4A6B-A99B-704F8B576C55}
	EndGlobalSection
EndGlobal
